<?xml version="1.0" encoding="utf-8"?>
<Project ToolsVersion="4.0" xmlns="http://schemas.microsoft.com/developer/msbuild/2003">
  <ItemGroup>
    <Filter Include="Исходные файлы">
      <UniqueIdentifier>{4FC737F1-C7A5-4376-A066-2A32D752A2FF}</UniqueIdentifier>
      <Extensions>cpp;c;cc;cxx;def;odl;idl;hpj;bat;asm;asmx</Extensions>
    </Filter>
    <Filter Include="Файлы заголовков">
      <UniqueIdentifier>{93995380-89BD-4b04-88EB-625FBE52EBFB}</UniqueIdentifier>
      <Extensions>h;hh;hpp;hxx;hm;inl;inc;ipp;xsd</Extensions>
    </Filter>
    <Filter Include="Файлы ресурсов">
      <UniqueIdentifier>{67DA6AB6-F800-4c08-8B7A-83BB121AAD01}</UniqueIdentifier>
      <Extensions>rc;ico;cur;bmp;dlg;rc2;rct;bin;rgs;gif;jpg;jpeg;jpe;resx;tiff;tif;png;wav;mfcribbon-ms</Extensions>
    </Filter>
    <Filter Include="Файлы ресурсов\Landing">
      <UniqueIdentifier>{a8b528bd-8db0-4551-92f5-728e6f2feec4}</UniqueIdentifier>
    </Filter>
    <Filter Include="Файлы ресурсов\TakesOff">
      <UniqueIdentifier>{be1c7478-7d9c-4bb0-82c7-f87fdd072b3a}</UniqueIdentifier>
    </Filter>
    <Filter Include="Файлы ресурсов\TakesOff\Full">
      <UniqueIdentifier>{65c85365-4ba9-4f48-8fac-1440e5edb668}</UniqueIdentifier>
    </Filter>
    <Filter Include="Файлы ресурсов\TakesOff\Full\Full">
      <UniqueIdentifier>{143fa198-07d6-473f-a687-011be5495725}</UniqueIdentifier>
    </Filter>
  </ItemGroup>
  <ItemGroup>
    <ClCompile Include="MyForm.cpp">
      <Filter>Исходные файлы</Filter>
    </ClCompile>
    <ClCompile Include="plane.cpp">
      <Filter>Исходные файлы</Filter>
    </ClCompile>
  </ItemGroup>
  <ItemGroup>
    <ClInclude Include="MyForm.h">
      <Filter>Файлы заголовков</Filter>
    </ClInclude>
    <ClInclude Include="plane.h">
      <Filter>Файлы заголовков</Filter>
    </ClInclude>
  </ItemGroup>
  <ItemGroup>
    <Image Include="..\Pictures\full-full start takes off03.png">
      <Filter>Файлы ресурсов\TakesOff\Full\Full</Filter>
    </Image>
    <Image Include="..\Pictures\full-full start takes off02.png">
      <Filter>Файлы ресурсов\TakesOff\Full\Full</Filter>
    </Image>
    <Image Include="..\Pictures\full-full start takes off01.png">
      <Filter>Файлы ресурсов\TakesOff\Full\Full</Filter>
    </Image>
    <Image Include="..\Pictures\img1.png">
      <Filter>Файлы ресурсов\TakesOff\Full\Full</Filter>
    </Image>
  </ItemGroup>
</Project>